# This file is automatically @generated by Poetry 1.7.0 and should not be changed by hand.
# Run `poetry lock` to regenerate this file.

[[package]]
name = "placeholder"
version = "0.0.1"
description = "Placeholder - run poetry lock to generate real lock file"
python-versions = "*"

[metadata]
lock-version = "2.0"
python-versions = "^3.11"
content-hash = "placeholder"
